// !$*UTF8*$!
{
	archiveVersion = 1;
	classes = {
	};
	objectVersion = 55;
	objects = {

/* Begin PBXBuildFile section */
		C001766C2812E8D5008078E1 /* AppDetailViewController.swift in Sources */ = {isa = PBXBuildFile; fileRef = C001766B2812E8D5008078E1 /* AppDetailViewController.swift */; };
		C089029128099CE800AE3F58 /* AppDelegate.swift in Sources */ = {isa = PBXBuildFile; fileRef = C089029028099CE800AE3F58 /* AppDelegate.swift */; };
		C089029328099CE800AE3F58 /* SceneDelegate.swift in Sources */ = {isa = PBXBuildFile; fileRef = C089029228099CE800AE3F58 /* SceneDelegate.swift */; };
		C089029A28099CEA00AE3F58 /* Assets.xcassets in Resources */ = {isa = PBXBuildFile; fileRef = C089029928099CEA00AE3F58 /* Assets.xcassets */; };
		C089029D28099CEA00AE3F58 /* LaunchScreen.storyboard in Resources */ = {isa = PBXBuildFile; fileRef = C089029B28099CEA00AE3F58 /* LaunchScreen.storyboard */; };
		C08902A628099E7C00AE3F58 /* Kingfisher in Frameworks */ = {isa = PBXBuildFile; productRef = C08902A528099E7C00AE3F58 /* Kingfisher */; };
		C08902A928099ED600AE3F58 /* SnapKit in Frameworks */ = {isa = PBXBuildFile; productRef = C08902A828099ED600AE3F58 /* SnapKit */; };
		C08902AD2809A48000AE3F58 /* TabBarController.swift in Sources */ = {isa = PBXBuildFile; fileRef = C08902AC2809A48000AE3F58 /* TabBarController.swift */; };
		C08902B12809A4CB00AE3F58 /* TodayViewController.swift in Sources */ = {isa = PBXBuildFile; fileRef = C08902B02809A4CB00AE3F58 /* TodayViewController.swift */; };
		C08902B32809B31800AE3F58 /* TodayCollectionViewCell.swift in Sources */ = {isa = PBXBuildFile; fileRef = C08902B22809B31800AE3F58 /* TodayCollectionViewCell.swift */; };
		C08902B52809B94800AE3F58 /* TodayCollectionHeaderView.swift in Sources */ = {isa = PBXBuildFile; fileRef = C08902B42809B94800AE3F58 /* TodayCollectionHeaderView.swift */; };
		C08902B7280AD0C000AE3F58 /* AppViewController.swift in Sources */ = {isa = PBXBuildFile; fileRef = C08902B6280AD0C000AE3F58 /* AppViewController.swift */; };
		C08902BA280AD82800AE3F58 /* FeatureSectionView.swift in Sources */ = {isa = PBXBuildFile; fileRef = C08902B9280AD82800AE3F58 /* FeatureSectionView.swift */; };
		C08902BC280B038A00AE3F58 /* FeatureSectionCollectionViewCell.swift in Sources */ = {isa = PBXBuildFile; fileRef = C08902BB280B038A00AE3F58 /* FeatureSectionCollectionViewCell.swift */; };
		C08902C0280B0DD600AE3F58 /* SeparatorView.swift in Sources */ = {isa = PBXBuildFile; fileRef = C08902BF280B0DD600AE3F58 /* SeparatorView.swift */; };
		C08902C2280C128800AE3F58 /* RankingFeatureSectionView.swift in Sources */ = {isa = PBXBuildFile; fileRef = C08902C1280C128800AE3F58 /* RankingFeatureSectionView.swift */; };
		C08902C4280C1B8F00AE3F58 /* RankingFeatureCollectionViewCell.swift in Sources */ = {isa = PBXBuildFile; fileRef = C08902C3280C1B8F00AE3F58 /* RankingFeatureCollectionViewCell.swift */; };
		C08902C6280C1FEA00AE3F58 /* ExchangeCodeButtonView.swift in Sources */ = {isa = PBXBuildFile; fileRef = C08902C5280C1FEA00AE3F58 /* ExchangeCodeButtonView.swift */; };
/* End PBXBuildFile section */

/* Begin PBXFileReference section */
		C001766B2812E8D5008078E1 /* AppDetailViewController.swift */ = {isa = PBXFileReference; lastKnownFileType = sourcecode.swift; path = AppDetailViewController.swift; sourceTree = "<group>"; };
		C089028D28099CE800AE3F58 /* AppStore.app */ = {isa = PBXFileReference; explicitFileType = wrapper.application; includeInIndex = 0; path = AppStore.app; sourceTree = BUILT_PRODUCTS_DIR; };
		C089029028099CE800AE3F58 /* AppDelegate.swift */ = {isa = PBXFileReference; lastKnownFileType = sourcecode.swift; path = AppDelegate.swift; sourceTree = "<group>"; };
		C089029228099CE800AE3F58 /* SceneDelegate.swift */ = {isa = PBXFileReference; lastKnownFileType = sourcecode.swift; path = SceneDelegate.swift; sourceTree = "<group>"; };
		C089029928099CEA00AE3F58 /* Assets.xcassets */ = {isa = PBXFileReference; lastKnownFileType = folder.assetcatalog; path = Assets.xcassets; sourceTree = "<group>"; };
		C089029C28099CEA00AE3F58 /* Base */ = {isa = PBXFileReference; lastKnownFileType = file.storyboard; name = Base; path = Base.lproj/LaunchScreen.storyboard; sourceTree = "<group>"; };
		C089029E28099CEA00AE3F58 /* Info.plist */ = {isa = PBXFileReference; lastKnownFileType = text.plist.xml; path = Info.plist; sourceTree = "<group>"; };
		C08902AC2809A48000AE3F58 /* TabBarController.swift */ = {isa = PBXFileReference; lastKnownFileType = sourcecode.swift; path = TabBarController.swift; sourceTree = "<group>"; };
		C08902B02809A4CB00AE3F58 /* TodayViewController.swift */ = {isa = PBXFileReference; lastKnownFileType = sourcecode.swift; path = TodayViewController.swift; sourceTree = "<group>"; };
		C08902B22809B31800AE3F58 /* TodayCollectionViewCell.swift */ = {isa = PBXFileReference; lastKnownFileType = sourcecode.swift; path = TodayCollectionViewCell.swift; sourceTree = "<group>"; };
		C08902B42809B94800AE3F58 /* TodayCollectionHeaderView.swift */ = {isa = PBXFileReference; lastKnownFileType = sourcecode.swift; path = TodayCollectionHeaderView.swift; sourceTree = "<group>"; };
		C08902B6280AD0C000AE3F58 /* AppViewController.swift */ = {isa = PBXFileReference; lastKnownFileType = sourcecode.swift; path = AppViewController.swift; sourceTree = "<group>"; };
		C08902B9280AD82800AE3F58 /* FeatureSectionView.swift */ = {isa = PBXFileReference; lastKnownFileType = sourcecode.swift; path = FeatureSectionView.swift; sourceTree = "<group>"; };
		C08902BB280B038A00AE3F58 /* FeatureSectionCollectionViewCell.swift */ = {isa = PBXFileReference; lastKnownFileType = sourcecode.swift; path = FeatureSectionCollectionViewCell.swift; sourceTree = "<group>"; };
		C08902BF280B0DD600AE3F58 /* SeparatorView.swift */ = {isa = PBXFileReference; lastKnownFileType = sourcecode.swift; path = SeparatorView.swift; sourceTree = "<group>"; };
		C08902C1280C128800AE3F58 /* RankingFeatureSectionView.swift */ = {isa = PBXFileReference; lastKnownFileType = sourcecode.swift; path = RankingFeatureSectionView.swift; sourceTree = "<group>"; };
		C08902C3280C1B8F00AE3F58 /* RankingFeatureCollectionViewCell.swift */ = {isa = PBXFileReference; lastKnownFileType = sourcecode.swift; path = RankingFeatureCollectionViewCell.swift; sourceTree = "<group>"; };
		C08902C5280C1FEA00AE3F58 /* ExchangeCodeButtonView.swift */ = {isa = PBXFileReference; lastKnownFileType = sourcecode.swift; path = ExchangeCodeButtonView.swift; sourceTree = "<group>"; };
/* End PBXFileReference section */

/* Begin PBXFrameworksBuildPhase section */
		C089028A28099CE800AE3F58 /* Frameworks */ = {
			isa = PBXFrameworksBuildPhase;
			buildActionMask = 2147483647;
			files = (
				C08902A628099E7C00AE3F58 /* Kingfisher in Frameworks */,
				C08902A928099ED600AE3F58 /* SnapKit in Frameworks */,
			);
			runOnlyForDeploymentPostprocessing = 0;
		};
/* End PBXFrameworksBuildPhase section */

/* Begin PBXGroup section */
		C089028428099CE800AE3F58 = {
			isa = PBXGroup;
			children = (
				C089028F28099CE800AE3F58 /* AppStore */,
				C089028E28099CE800AE3F58 /* Products */,
			);
			sourceTree = "<group>";
		};
		C089028E28099CE800AE3F58 /* Products */ = {
			isa = PBXGroup;
			children = (
				C089028D28099CE800AE3F58 /* AppStore.app */,
			);
			name = Products;
			sourceTree = "<group>";
		};
		C089028F28099CE800AE3F58 /* AppStore */ = {
			isa = PBXGroup;
			children = (
				C089029028099CE800AE3F58 /* AppDelegate.swift */,
				C089029228099CE800AE3F58 /* SceneDelegate.swift */,
				C08902AE2809A4AB00AE3F58 /* Scenes */,
				C089029928099CEA00AE3F58 /* Assets.xcassets */,
				C089029B28099CEA00AE3F58 /* LaunchScreen.storyboard */,
				C089029E28099CEA00AE3F58 /* Info.plist */,
			);
			path = AppStore;
			sourceTree = "<group>";
		};
		C08902AE2809A4AB00AE3F58 /* Scenes */ = {
			isa = PBXGroup;
			children = (
				C08902B8280AD0C700AE3F58 /* App */,
				C08902AF2809A4B300AE3F58 /* today */,
				C08902AC2809A48000AE3F58 /* TabBarController.swift */,
				C001766B2812E8D5008078E1 /* AppDetailViewController.swift */,
			);
			path = Scenes;
			sourceTree = "<group>";
		};
		C08902AF2809A4B300AE3F58 /* today */ = {
			isa = PBXGroup;
			children = (
				C08902B02809A4CB00AE3F58 /* TodayViewController.swift */,
				C08902B22809B31800AE3F58 /* TodayCollectionViewCell.swift */,
				C08902B42809B94800AE3F58 /* TodayCollectionHeaderView.swift */,
			);
			path = today;
			sourceTree = "<group>";
		};
		C08902B8280AD0C700AE3F58 /* App */ = {
			isa = PBXGroup;
			children = (
				C08902B6280AD0C000AE3F58 /* AppViewController.swift */,
				C08902B9280AD82800AE3F58 /* FeatureSectionView.swift */,
				C08902BB280B038A00AE3F58 /* FeatureSectionCollectionViewCell.swift */,
				C08902BF280B0DD600AE3F58 /* SeparatorView.swift */,
				C08902C1280C128800AE3F58 /* RankingFeatureSectionView.swift */,
				C08902C3280C1B8F00AE3F58 /* RankingFeatureCollectionViewCell.swift */,
				C08902C5280C1FEA00AE3F58 /* ExchangeCodeButtonView.swift */,
			);
			path = App;
			sourceTree = "<group>";
		};
/* End PBXGroup section */

/* Begin PBXNativeTarget section */
		C089028C28099CE800AE3F58 /* AppStore */ = {
			isa = PBXNativeTarget;
			buildConfigurationList = C08902A128099CEA00AE3F58 /* Build configuration list for PBXNativeTarget "AppStore" */;
			buildPhases = (
				C089028928099CE800AE3F58 /* Sources */,
				C089028A28099CE800AE3F58 /* Frameworks */,
				C089028B28099CE800AE3F58 /* Resources */,
			);
			buildRules = (
			);
			dependencies = (
			);
			name = AppStore;
			packageProductDependencies = (
				C08902A528099E7C00AE3F58 /* Kingfisher */,
				C08902A828099ED600AE3F58 /* SnapKit */,
			);
			productName = AppStore;
			productReference = C089028D28099CE800AE3F58 /* AppStore.app */;
			productType = "com.apple.product-type.application";
		};
/* End PBXNativeTarget section */

/* Begin PBXProject section */
		C089028528099CE800AE3F58 /* Project object */ = {
			isa = PBXProject;
			attributes = {
				BuildIndependentTargetsInParallel = 1;
				LastSwiftUpdateCheck = 1330;
				LastUpgradeCheck = 1330;
				TargetAttributes = {
					C089028C28099CE800AE3F58 = {
						CreatedOnToolsVersion = 13.3.1;
					};
				};
			};
			buildConfigurationList = C089028828099CE800AE3F58 /* Build configuration list for PBXProject "AppStore" */;
			compatibilityVersion = "Xcode 13.0";
			developmentRegion = en;
			hasScannedForEncodings = 0;
			knownRegions = (
				en,
				Base,
			);
			mainGroup = C089028428099CE800AE3F58;
			packageReferences = (
				C08902A428099E7C00AE3F58 /* XCRemoteSwiftPackageReference "Kingfisher" */,
				C08902A728099ED600AE3F58 /* XCRemoteSwiftPackageReference "SnapKit" */,
			);
			productRefGroup = C089028E28099CE800AE3F58 /* Products */;
			projectDirPath = "";
			projectRoot = "";
			targets = (
				C089028C28099CE800AE3F58 /* AppStore */,
			);
		};
/* End PBXProject section */

/* Begin PBXResourcesBuildPhase section */
		C089028B28099CE800AE3F58 /* Resources */ = {
			isa = PBXResourcesBuildPhase;
			buildActionMask = 2147483647;
			files = (
				C089029D28099CEA00AE3F58 /* LaunchScreen.storyboard in Resources */,
				C089029A28099CEA00AE3F58 /* Assets.xcassets in Resources */,
			);
			runOnlyForDeploymentPostprocessing = 0;
		};
/* End PBXResourcesBuildPhase section */

/* Begin PBXSourcesBuildPhase section */
		C089028928099CE800AE3F58 /* Sources */ = {
			isa = PBXSourcesBuildPhase;
			buildActionMask = 2147483647;
			files = (
				C08902B12809A4CB00AE3F58 /* TodayViewController.swift in Sources */,
				C08902AD2809A48000AE3F58 /* TabBarController.swift in Sources */,
				C08902C6280C1FEA00AE3F58 /* ExchangeCodeButtonView.swift in Sources */,
				C089029128099CE800AE3F58 /* AppDelegate.swift in Sources */,
				C08902B52809B94800AE3F58 /* TodayCollectionHeaderView.swift in Sources */,
				C08902B7280AD0C000AE3F58 /* AppViewController.swift in Sources */,
				C08902BC280B038A00AE3F58 /* FeatureSectionCollectionViewCell.swift in Sources */,
				C089029328099CE800AE3F58 /* SceneDelegate.swift in Sources */,
				C08902C0280B0DD600AE3F58 /* SeparatorView.swift in Sources */,
				C08902B32809B31800AE3F58 /* TodayCollectionViewCell.swift in Sources */,
				C08902BA280AD82800AE3F58 /* FeatureSectionView.swift in Sources */,
				C001766C2812E8D5008078E1 /* AppDetailViewController.swift in Sources */,
				C08902C4280C1B8F00AE3F58 /* RankingFeatureCollectionViewCell.swift in Sources */,
				C08902C2280C128800AE3F58 /* RankingFeatureSectionView.swift in Sources */,
			);
			runOnlyForDeploymentPostprocessing = 0;
		};
/* End PBXSourcesBuildPhase section */

/* Begin PBXVariantGroup section */
		C089029B28099CEA00AE3F58 /* LaunchScreen.storyboard */ = {
			isa = PBXVariantGroup;
			children = (
				C089029C28099CEA00AE3F58 /* Base */,
			);
			name = LaunchScreen.storyboard;
			sourceTree = "<group>";
		};
/* End PBXVariantGroup section */

/* Begin XCBuildConfiguration section */
		C089029F28099CEA00AE3F58 /* Debug */ = {
			isa = XCBuildConfiguration;
			buildSettings = {
				ALWAYS_SEARCH_USER_PATHS = NO;
				CLANG_ANALYZER_NONNULL = YES;
				CLANG_ANALYZER_NUMBER_OBJECT_CONVERSION = YES_AGGRESSIVE;
				CLANG_CXX_LANGUAGE_STANDARD = "gnu++17";
				CLANG_ENABLE_MODULES = YES;
				CLANG_ENABLE_OBJC_ARC = YES;
				CLANG_ENABLE_OBJC_WEAK = YES;
				CLANG_WARN_BLOCK_CAPTURE_AUTORELEASING = YES;
				CLANG_WARN_BOOL_CONVERSION = YES;
				CLANG_WARN_COMMA = YES;
				CLANG_WARN_CONSTANT_CONVERSION = YES;
				CLANG_WARN_DEPRECATED_OBJC_IMPLEMENTATIONS = YES;
				CLANG_WARN_DIRECT_OBJC_ISA_USAGE = YES_ERROR;
				CLANG_WARN_DOCUMENTATION_COMMENTS = YES;
				CLANG_WARN_EMPTY_BODY = YES;
				CLANG_WARN_ENUM_CONVERSION = YES;
				CLANG_WARN_INFINITE_RECURSION = YES;
				CLANG_WARN_INT_CONVERSION = YES;
				CLANG_WARN_NON_LITERAL_NULL_CONVERSION = YES;
				CLANG_WARN_OBJC_IMPLICIT_RETAIN_SELF = YES;
				CLANG_WARN_OBJC_LITERAL_CONVERSION = YES;
				CLANG_WARN_OBJC_ROOT_CLASS = YES_ERROR;
				CLANG_WARN_QUOTED_INCLUDE_IN_FRAMEWORK_HEADER = YES;
				CLANG_WARN_RANGE_LOOP_ANALYSIS = YES;
				CLANG_WARN_STRICT_PROTOTYPES = YES;
				CLANG_WARN_SUSPICIOUS_MOVE = YES;
				CLANG_WARN_UNGUARDED_AVAILABILITY = YES_AGGRESSIVE;
				CLANG_WARN_UNREACHABLE_CODE = YES;
				CLANG_WARN__DUPLICATE_METHOD_MATCH = YES;
				COPY_PHASE_STRIP = NO;
				DEBUG_INFORMATION_FORMAT = dwarf;
				ENABLE_STRICT_OBJC_MSGSEND = YES;
				ENABLE_TESTABILITY = YES;
				GCC_C_LANGUAGE_STANDARD = gnu11;
				GCC_DYNAMIC_NO_PIC = NO;
				GCC_NO_COMMON_BLOCKS = YES;
				GCC_OPTIMIZATION_LEVEL = 0;
				GCC_PREPROCESSOR_DEFINITIONS = (
					"DEBUG=1",
					"$(inherited)",
				);
				GCC_WARN_64_TO_32_BIT_CONVERSION = YES;
				GCC_WARN_ABOUT_RETURN_TYPE = YES_ERROR;
				GCC_WARN_UNDECLARED_SELECTOR = YES;
				GCC_WARN_UNINITIALIZED_AUTOS = YES_AGGRESSIVE;
				GCC_WARN_UNUSED_FUNCTION = YES;
				GCC_WARN_UNUSED_VARIABLE = YES;
				IPHONEOS_DEPLOYMENT_TARGET = 15.4;
				MTL_ENABLE_DEBUG_INFO = INCLUDE_SOURCE;
				MTL_FAST_MATH = YES;
				ONLY_ACTIVE_ARCH = YES;
				SDKROOT = iphoneos;
				SWIFT_ACTIVE_COMPILATION_CONDITIONS = DEBUG;
				SWIFT_OPTIMIZATION_LEVEL = "-Onone";
			};
			name = Debug;
		};
		C08902A028099CEA00AE3F58 /* Release */ = {
			isa = XCBuildConfiguration;
			buildSettings = {
				ALWAYS_SEARCH_USER_PATHS = NO;
				CLANG_ANALYZER_NONNULL = YES;
				CLANG_ANALYZER_NUMBER_OBJECT_CONVERSION = YES_AGGRESSIVE;
				CLANG_CXX_LANGUAGE_STANDARD = "gnu++17";
				CLANG_ENABLE_MODULES = YES;
				CLANG_ENABLE_OBJC_ARC = YES;
				CLANG_ENABLE_OBJC_WEAK = YES;
				CLANG_WARN_BLOCK_CAPTURE_AUTORELEASING = YES;
				CLANG_WARN_BOOL_CONVERSION = YES;
				CLANG_WARN_COMMA = YES;
				CLANG_WARN_CONSTANT_CONVERSION = YES;
				CLANG_WARN_DEPRECATED_OBJC_IMPLEMENTATIONS = YES;
				CLANG_WARN_DIRECT_OBJC_ISA_USAGE = YES_ERROR;
				CLANG_WARN_DOCUMENTATION_COMMENTS = YES;
				CLANG_WARN_EMPTY_BODY = YES;
				CLANG_WARN_ENUM_CONVERSION = YES;
				CLANG_WARN_INFINITE_RECURSION = YES;
				CLANG_WARN_INT_CONVERSION = YES;
				CLANG_WARN_NON_LITERAL_NULL_CONVERSION = YES;
				CLANG_WARN_OBJC_IMPLICIT_RETAIN_SELF = YES;
				CLANG_WARN_OBJC_LITERAL_CONVERSION = YES;
				CLANG_WARN_OBJC_ROOT_CLASS = YES_ERROR;
				CLANG_WARN_QUOTED_INCLUDE_IN_FRAMEWORK_HEADER = YES;
				CLANG_WARN_RANGE_LOOP_ANALYSIS = YES;
				CLANG_WARN_STRICT_PROTOTYPES = YES;
				CLANG_WARN_SUSPICIOUS_MOVE = YES;
				CLANG_WARN_UNGUARDED_AVAILABILITY = YES_AGGRESSIVE;
				CLANG_WARN_UNREACHABLE_CODE = YES;
				CLANG_WARN__DUPLICATE_METHOD_MATCH = YES;
				COPY_PHASE_STRIP = NO;
				DEBUG_INFORMATION_FORMAT = "dwarf-with-dsym";
				ENABLE_NS_ASSERTIONS = NO;
				ENABLE_STRICT_OBJC_MSGSEND = YES;
				GCC_C_LANGUAGE_STANDARD = gnu11;
				GCC_NO_COMMON_BLOCKS = YES;
				GCC_WARN_64_TO_32_BIT_CONVERSION = YES;
				GCC_WARN_ABOUT_RETURN_TYPE = YES_ERROR;
				GCC_WARN_UNDECLARED_SELECTOR = YES;
				GCC_WARN_UNINITIALIZED_AUTOS = YES_AGGRESSIVE;
				GCC_WARN_UNUSED_FUNCTION = YES;
				GCC_WARN_UNUSED_VARIABLE = YES;
				IPHONEOS_DEPLOYMENT_TARGET = 15.4;
				MTL_ENABLE_DEBUG_INFO = NO;
				MTL_FAST_MATH = YES;
				SDKROOT = iphoneos;
				SWIFT_COMPILATION_MODE = wholemodule;
				SWIFT_OPTIMIZATION_LEVEL = "-O";
				VALIDATE_PRODUCT = YES;
			};
			name = Release;
		};
		C08902A228099CEA00AE3F58 /* Debug */ = {
			isa = XCBuildConfiguration;
			buildSettings = {
				ASSETCATALOG_COMPILER_APPICON_NAME = AppIcon;
				ASSETCATALOG_COMPILER_GLOBAL_ACCENT_COLOR_NAME = AccentColor;
				CODE_SIGN_STYLE = Automatic;
				CURRENT_PROJECT_VERSION = 1;
				DEVELOPMENT_TEAM = 6NDM2TJS37;
				GENERATE_INFOPLIST_FILE = YES;
				INFOPLIST_FILE = AppStore/Info.plist;
				INFOPLIST_KEY_UIApplicationSupportsIndirectInputEvents = YES;
				INFOPLIST_KEY_UILaunchStoryboardName = LaunchScreen;
				INFOPLIST_KEY_UISupportedInterfaceOrientations_iPad = "UIInterfaceOrientationPortrait UIInterfaceOrientationPortraitUpsideDown UIInterfaceOrientationLandscapeLeft UIInterfaceOrientationLandscapeRight";
				INFOPLIST_KEY_UISupportedInterfaceOrientations_iPhone = "UIInterfaceOrientationPortrait UIInterfaceOrientationLandscapeLeft UIInterfaceOrientationLandscapeRight";
				LD_RUNPATH_SEARCH_PATHS = (
					"$(inherited)",
					"@executable_path/Frameworks",
				);
				MARKETING_VERSION = 1.0;
				PRODUCT_BUNDLE_IDENTIFIER = kr.ac.induk.pjy.AppStore;
				PRODUCT_NAME = "$(TARGET_NAME)";
				SWIFT_EMIT_LOC_STRINGS = YES;
				SWIFT_VERSION = 5.0;
				TARGETED_DEVICE_FAMILY = "1,2";
			};
			name = Debug;
		};
		C08902A328099CEA00AE3F58 /* Release */ = {
			isa = XCBuildConfiguration;
			buildSettings = {
				ASSETCATALOG_COMPILER_APPICON_NAME = AppIcon;
				ASSETCATALOG_COMPILER_GLOBAL_ACCENT_COLOR_NAME = AccentColor;
				CODE_SIGN_STYLE = Automatic;
				CURRENT_PROJECT_VERSION = 1;
				DEVELOPMENT_TEAM = 6NDM2TJS37;
				GENERATE_INFOPLIST_FILE = YES;
				INFOPLIST_FILE = AppStore/Info.plist;
				INFOPLIST_KEY_UIApplicationSupportsIndirectInputEvents = YES;
				INFOPLIST_KEY_UILaunchStoryboardName = LaunchScreen;
				INFOPLIST_KEY_UISupportedInterfaceOrientations_iPad = "UIInterfaceOrientationPortrait UIInterfaceOrientationPortraitUpsideDown UIInterfaceOrientationLandscapeLeft UIInterfaceOrientationLandscapeRight";
				INFOPLIST_KEY_UISupportedInterfaceOrientations_iPhone = "UIInterfaceOrientationPortrait UIInterfaceOrientationLandscapeLeft UIInterfaceOrientationLandscapeRight";
				LD_RUNPATH_SEARCH_PATHS = (
					"$(inherited)",
					"@executable_path/Frameworks",
				);
				MARKETING_VERSION = 1.0;
				PRODUCT_BUNDLE_IDENTIFIER = kr.ac.induk.pjy.AppStore;
				PRODUCT_NAME = "$(TARGET_NAME)";
				SWIFT_EMIT_LOC_STRINGS = YES;
				SWIFT_VERSION = 5.0;
				TARGETED_DEVICE_FAMILY = "1,2";
			};
			name = Release;
		};
/* End XCBuildConfiguration section */

/* Begin XCConfigurationList section */
		C089028828099CE800AE3F58 /* Build configuration list for PBXProject "AppStore" */ = {
			isa = XCConfigurationList;
			buildConfigurations = (
				C089029F28099CEA00AE3F58 /* Debug */,
				C08902A028099CEA00AE3F58 /* Release */,
			);
			defaultConfigurationIsVisible = 0;
			defaultConfigurationName = Release;
		};
		C08902A128099CEA00AE3F58 /* Build configuration list for PBXNativeTarget "AppStore" */ = {
			isa = XCConfigurationList;
			buildConfigurations = (
				C08902A228099CEA00AE3F58 /* Debug */,
				C08902A328099CEA00AE3F58 /* Release */,
			);
			defaultConfigurationIsVisible = 0;
			defaultConfigurationName = Release;
		};
/* End XCConfigurationList section */

/* Begin XCRemoteSwiftPackageReference section */
		C08902A428099E7C00AE3F58 /* XCRemoteSwiftPackageReference "Kingfisher" */ = {
			isa = XCRemoteSwiftPackageReference;
			repositoryURL = "https://github.com/onevcat/Kingfisher.git";
			requirement = {
				kind = upToNextMajorVersion;
				minimumVersion = 7.0.0;
			};
		};
		C08902A728099ED600AE3F58 /* XCRemoteSwiftPackageReference "SnapKit" */ = {
			isa = XCRemoteSwiftPackageReference;
			repositoryURL = "https://github.com/SnapKit/SnapKit.git";
			requirement = {
				branch = develop;
				kind = branch;
			};
		};
/* End XCRemoteSwiftPackageReference section */

/* Begin XCSwiftPackageProductDependency section */
		C08902A528099E7C00AE3F58 /* Kingfisher */ = {
			isa = XCSwiftPackageProductDependency;
			package = C08902A428099E7C00AE3F58 /* XCRemoteSwiftPackageReference "Kingfisher" */;
			productName = Kingfisher;
		};
		C08902A828099ED600AE3F58 /* SnapKit */ = {
			isa = XCSwiftPackageProductDependency;
			package = C08902A728099ED600AE3F58 /* XCRemoteSwiftPackageReference "SnapKit" */;
			productName = SnapKit;
		};
/* End XCSwiftPackageProductDependency section */
	};
	rootObject = C089028528099CE800AE3F58 /* Project object */;
}
